
Microsoft Visual Studio Solution File, Format Version 12.00
# Visual Studio 15
VisualStudioVersion = 15.0.27428.2015
MinimumVisualStudioVersion = 10.0.40219.1
Project("{FAE04EC0-301F-11D3-BF4B-00C04F79EFBC}") = "Exomia Language", "Exomia Language\Exomia Language.csproj", "{DAE3F666-1D08-4098-B783-8B015F2FBF1C}"
EndProject
Global
	GlobalSection(SolutionConfigurationPlatforms) = preSolution
		Debug|Any CPU = Debug|Any CPU
		Debug|x64 = Debug|x64
		Debug|x86 = Debug|x86
		Release|Any CPU = Release|Any CPU
		Release|x64 = Release|x64
		Release|x86 = Release|x86
	EndGlobalSection
	GlobalSection(ProjectConfigurationPlatforms) = postSolution
		{DAE3F666-1D08-4098-B783-8B015F2FBF1C}.Debug|Any CPU.ActiveCfg = Debug|Any CPU
		{DAE3F666-1D08-4098-B783-8B015F2FBF1C}.Debug|Any CPU.Build.0 = Debug|Any CPU
		{DAE3F666-1D08-4098-B783-8B015F2FBF1C}.Debug|x64.ActiveCfg = Debug|x64
		{DAE3F666-1D08-4098-B783-8B015F2FBF1C}.Debug|x64.Build.0 = Debug|x64
		{DAE3F666-1D08-4098-B783-8B015F2FBF1C}.Debug|x86.ActiveCfg = Debug|x86
		{DAE3F666-1D08-4098-B783-8B015F2FBF1C}.Debug|x86.Build.0 = Debug|x86
		{DAE3F666-1D08-4098-B783-8B015F2FBF1C}.Release|Any CPU.ActiveCfg = Release|Any CPU
		{DAE3F666-1D08-4098-B783-8B015F2FBF1C}.Release|Any CPU.Build.0 = Release|Any CPU
		{DAE3F666-1D08-4098-B783-8B015F2FBF1C}.Release|x64.ActiveCfg = Release|x64
		{DAE3F666-1D08-4098-B783-8B015F2FBF1C}.Release|x64.Build.0 = Release|x64
		{DAE3F666-1D08-4098-B783-8B015F2FBF1C}.Release|x86.ActiveCfg = Release|x86
		{DAE3F666-1D08-4098-B783-8B015F2FBF1C}.Release|x86.Build.0 = Release|x86
	EndGlobalSection
	GlobalSection(SolutionProperties) = preSolution
		HideSolutionNode = FALSE
	EndGlobalSection
	GlobalSection(ExtensibilityGlobals) = postSolution
		SolutionGuid = {C4C7F59B-3753-4EDB-A440-02D996BDE01F}
	EndGlobalSection
EndGlobal
